
Microsoft Visual Studio Solution File, Format Version 12.00
# Visual Studio Version 17
VisualStudioVersion = 17.13.35931.197 d17.13
MinimumVisualStudioVersion = 10.0.40219.1
Project("{FAE04EC0-301F-11D3-BF4B-00C04F79EFBC}") = "1laba", "1laba.csproj", "{B02E9177-8C8E-46C0-8795-EA79300DF83F}"
EndProject
Project("{FAE04EC0-301F-11D3-BF4B-00C04F79EFBC}") = "OOP_Fundamentals_Library", "C:\Users\valer\OneDrive\Desktop\OOP_Fundamentals_Library\OOP_Fundamentals_Library.csproj", "{126B37B7-917B-C381-8B70-99B4418C796C}"
EndProject
Global
	GlobalSection(SolutionConfigurationPlatforms) = preSolution
		Debug|Any CPU = Debug|Any CPU
		Release|Any CPU = Release|Any CPU
	EndGlobalSection
	GlobalSection(ProjectConfigurationPlatforms) = postSolution
		{B02E9177-8C8E-46C0-8795-EA79300DF83F}.Debug|Any CPU.ActiveCfg = Debug|Any CPU
		{B02E9177-8C8E-46C0-8795-EA79300DF83F}.Debug|Any CPU.Build.0 = Debug|Any CPU
		{B02E9177-8C8E-46C0-8795-EA79300DF83F}.Release|Any CPU.ActiveCfg = Release|Any CPU
		{B02E9177-8C8E-46C0-8795-EA79300DF83F}.Release|Any CPU.Build.0 = Release|Any CPU
		{126B37B7-917B-C381-8B70-99B4418C796C}.Debug|Any CPU.ActiveCfg = Debug|Any CPU
		{126B37B7-917B-C381-8B70-99B4418C796C}.Debug|Any CPU.Build.0 = Debug|Any CPU
		{126B37B7-917B-C381-8B70-99B4418C796C}.Release|Any CPU.ActiveCfg = Release|Any CPU
		{126B37B7-917B-C381-8B70-99B4418C796C}.Release|Any CPU.Build.0 = Release|Any CPU
	EndGlobalSection
	GlobalSection(SolutionProperties) = preSolution
		HideSolutionNode = FALSE
	EndGlobalSection
	GlobalSection(ExtensibilityGlobals) = postSolution
		SolutionGuid = {E98FA2FB-80DC-4C4C-A62A-E6D2C4E6FD0E}
	EndGlobalSection
EndGlobal
